<?xml version="1.0" encoding="utf-8"?>
<Project ToolsVersion="4.0" xmlns="http://schemas.microsoft.com/developer/msbuild/2003">
  <ItemGroup>
    <ClCompile Include="Main.cpp" />
    <ClCompile Include="Utils\Timer.cpp" />
  </ItemGroup>
  <ItemGroup>
    <ClInclude Include="Octree\BoundingBox.h" />
    <ClInclude Include="Octree\Octree.h" />
    <ClInclude Include="Utils\Timer.h" />
    <ClInclude Include="OpenGL\Shader.h" />
    <ClInclude Include="OpenGL\Camera.h" />
    <ClInclude Include="OpenGL\OpenGL.h" />
    <ClInclude Include="Octree\Node.h" />
    <ClInclude Include="Octree\Ray.h" />
    <ClInclude Include="Utils\Utils.h" />
  </ItemGroup>
  <ItemGroup>
    <None Include="ShaderBox\frag.glsl" />
    <None Include="ShaderBox\vert.glsl" />
    <None Include="ShaderObj\frag.glsl" />
    <None Include="ShaderObj\vert.glsl" />
  </ItemGroup>
</Project>